
Microsoft Visual Studio Solution File, Format Version 12.00
# Visual Studio 15
VisualStudioVersion = 15.0.28307.2017
MinimumVisualStudioVersion = 10.0.40219.1
Project("{FAE04EC0-301F-11D3-BF4B-00C04F79EFBC}") = "ClassLibrary", "ClassLibrary\ClassLibrary.csproj", "{38789CC2-5CF3-469A-8C7A-EA3D9828C962}"
EndProject
Project("{FAE04EC0-301F-11D3-BF4B-00C04F79EFBC}") = "WindowsFormsApp", "WindowsFormsApp\WindowsFormsApp.csproj", "{36BDB91C-F933-436B-B4FC-F56B03EFB728}"
EndProject
Global
	GlobalSection(SolutionConfigurationPlatforms) = preSolution
		Debug|Any CPU = Debug|Any CPU
		Release|Any CPU = Release|Any CPU
	EndGlobalSection
	GlobalSection(ProjectConfigurationPlatforms) = postSolution
		{38789CC2-5CF3-469A-8C7A-EA3D9828C962}.Debug|Any CPU.ActiveCfg = Debug|Any CPU
		{38789CC2-5CF3-469A-8C7A-EA3D9828C962}.Debug|Any CPU.Build.0 = Debug|Any CPU
		{38789CC2-5CF3-469A-8C7A-EA3D9828C962}.Release|Any CPU.ActiveCfg = Release|Any CPU
		{38789CC2-5CF3-469A-8C7A-EA3D9828C962}.Release|Any CPU.Build.0 = Release|Any CPU
		{36BDB91C-F933-436B-B4FC-F56B03EFB728}.Debug|Any CPU.ActiveCfg = Debug|Any CPU
		{36BDB91C-F933-436B-B4FC-F56B03EFB728}.Debug|Any CPU.Build.0 = Debug|Any CPU
		{36BDB91C-F933-436B-B4FC-F56B03EFB728}.Release|Any CPU.ActiveCfg = Release|Any CPU
		{36BDB91C-F933-436B-B4FC-F56B03EFB728}.Release|Any CPU.Build.0 = Release|Any CPU
	EndGlobalSection
	GlobalSection(SolutionProperties) = preSolution
		HideSolutionNode = FALSE
	EndGlobalSection
	GlobalSection(ExtensibilityGlobals) = postSolution
		SolutionGuid = {A709AA12-72BE-4B27-A220-CE22041D5409}
	EndGlobalSection
EndGlobal
